# THIS IS AN AUTOGENERATED FILE. DO NOT EDIT THIS FILE DIRECTLY.
# yarn lockfile v1


"@mapbox/extent@0.4.0":
  version "0.4.0"
  resolved "https://registry.yarnpkg.com/@mapbox/extent/-/extent-0.4.0.tgz#3e591f32e1f0c3981c864239f7b0ac06e610f8a9"
  integrity sha1-PlkfMuHww5gchkI597CsBuYQ+Kk=

"@mapbox/geojson-area@^0.2.1":
  version "0.2.2"
  resolved "https://registry.yarnpkg.com/@mapbox/geojson-area/-/geojson-area-0.2.2.tgz#18d7814aa36bf23fbbcc379f8e26a22927debf10"
  integrity sha1-GNeBSqNr8j+7zDefjiaiKSfevxA=
  dependencies:
    wgs84 "0.0.0"

"@mapbox/geojson-coords@0.0.0":
  version "0.0.0"
  resolved "https://registry.yarnpkg.com/@mapbox/geojson-coords/-/geojson-coords-0.0.0.tgz#4847a5b96059666e527a2139e75e35d84fd58f50"
  integrity sha1-SEeluWBZZm5SeiE551412E/Vj1A=
  dependencies:
    "@mapbox/geojson-normalize" "0.0.1"
    geojson-flatten "~0.2.1"

"@mapbox/geojson-extent@^0.3.2":
  version "0.3.2"
  resolved "https://registry.yarnpkg.com/@mapbox/geojson-extent/-/geojson-extent-0.3.2.tgz#a1bdb2015afd0e031c18c3f29f7eb229e4e1950f"
  integrity sha1-ob2yAVr9DgMcGMPyn36yKeThlQ8=
  dependencies:
    "@mapbox/extent" "0.4.0"
    "@mapbox/geojson-coords" "0.0.0"
    rw "~0.1.4"
    traverse "~0.6.6"

"@mapbox/geojson-normalize@0.0.1":
  version "0.0.1"
  resolved "https://registry.yarnpkg.com/@mapbox/geojson-normalize/-/geojson-normalize-0.0.1.tgz#1da1e6b3a7add3ad29909b30f438f60581b7cd80"
  integrity sha1-HaHms6et060pkJsw9Dj2BYG3zYA=

"@mapbox/geojsonhint@^2.0.0":
  version "2.1.0"
  resolved "https://registry.yarnpkg.com/@mapbox/geojsonhint/-/geojsonhint-2.1.0.tgz#bb94203ff09cf675898946362272e4738547c0d4"
  integrity sha1-u5QgP/Cc9nWJiUY2InLkc4VHwNQ=
  dependencies:
    concat-stream "^1.6.1"
    jsonlint-lines "1.7.1"
    minimist "1.2.0"
    vfile "^2.3.0"
    vfile-reporter "^4.0.0"

"@mapbox/mapbox-gl-draw@^1.1.1":
  version "1.1.1"
  resolved "https://registry.yarnpkg.com/@mapbox/mapbox-gl-draw/-/mapbox-gl-draw-1.1.1.tgz#b88a7919c8de04eb7946885e747e22049c3a3138"
  integrity sha512-Xg+R0VUXKdXC7MaSSMiWfz96eLssJZa28/D6MxK/Xc19G5HvU6w/wytm8EeI28T7Sa2C7FII/0/XOwuAfJgDJw==
  dependencies:
    "@mapbox/geojson-area" "^0.2.1"
    "@mapbox/geojson-extent" "^0.3.2"
    "@mapbox/geojson-normalize" "0.0.1"
    "@mapbox/geojsonhint" "^2.0.0"
    "@mapbox/point-geometry" "0.1.0"
    hat "0.0.3"
    lodash.isequal "^4.2.0"
    xtend "^4.0.1"

"@mapbox/point-geometry@0.1.0":
  version "0.1.0"
  resolved "https://registry.yarnpkg.com/@mapbox/point-geometry/-/point-geometry-0.1.0.tgz#8a83f9335c7860effa2eeeca254332aa0aeed8f2"
  integrity sha1-ioP5M1x4YO/6Lu7KJUMyqgru2PI=

"@turf/bbox@4.7.3":
  version "4.7.3"
  resolved "https://registry.yarnpkg.com/@turf/bbox/-/bbox-4.7.3.tgz#e3ad4f10a7e9b41b522880d33083198199059067"
  integrity sha1-461PEKfptBtSKIDTMIMZgZkFkGc=
  dependencies:
    "@turf/meta" "^4.7.3"

"@turf/helpers@4.7.3":
  version "4.7.3"
  resolved "https://registry.yarnpkg.com/@turf/helpers/-/helpers-4.7.3.tgz#bc312ac43cab3c532a483151c4c382c5649429e9"
  integrity sha1-vDEqxDyrPFMqSDFRxMOCxWSUKek=

"@turf/meta@^4.7.3":
  version "4.7.4"
  resolved "https://registry.yarnpkg.com/@turf/meta/-/meta-4.7.4.tgz#6de2f1e9890b8f64b669e4b47c09b20893063977"
  integrity sha1-beLx6YkLj2S2aeS0fAmyCJMGOXc=

"@types/geojson@*":
  version "7946.0.4"
  resolved "https://registry.yarnpkg.com/@types/geojson/-/geojson-7946.0.4.tgz#4e049756383c3f055dd8f3d24e63fb543e98eb07"
  integrity sha512-MHmwBtCb7OCv1DSivz2UNJXPGU/1btAWRKlqJ2saEhVJkpkvqHMMaOpKg0v4sAbDWSQekHGvPVMM8nQ+Jen03Q==

"@types/mapbox-gl@^0.51.0":
  version "0.51.0"
  resolved "https://registry.yarnpkg.com/@types/mapbox-gl/-/mapbox-gl-0.51.0.tgz#ab0bcba1d727d2c61f14f1e341016ef631bb7959"
  integrity sha512-a3ewnAAgNGtkkPnh22M1OfDLQLULI1CXw0SLKWOova+9LBnUrm64jysuaKdymA96YdxzYCyc7fK91avMuJveFw==
  dependencies:
    "@types/geojson" "*"

"@types/prop-types@*":
  version "15.5.6"
  resolved "https://registry.yarnpkg.com/@types/prop-types/-/prop-types-15.5.6.tgz#9c03d3fed70a8d517c191b7734da2879b50ca26c"
  integrity sha512-ZBFR7TROLVzCkswA3Fmqq+IIJt62/T7aY/Dmz+QkU7CaW2QFqAitCE8Ups7IzmGhcN1YWMBT4Qcoc07jU9hOJQ==

"@types/react@^16.7.11":
  version "16.7.11"
  resolved "https://registry.yarnpkg.com/@types/react/-/react-16.7.11.tgz#1743b82ea6a0c659467f0c7317c233edb1f10be9"
  integrity sha512-KZvX2XjzBPz+Dh7cjgDzzLxUmg4k8CnCSsB1V2Vtt1YtSIGe1sfHp2+Htl3S5DzeKrHnioaDHTMN/fjAvnEsSg==
  dependencies:
    "@types/prop-types" "*"
    csstype "^2.2.0"

"JSV@>= 4.0.x":
  version "4.0.2"
  resolved "https://registry.yarnpkg.com/JSV/-/JSV-4.0.2.tgz#d077f6825571f82132f9dffaed587b4029feff57"
  integrity sha1-0Hf2glVx+CEy+d/67Vh7QCn+/1c=

ansi-regex@^2.0.0:
  version "2.1.1"
  resolved "https://registry.yarnpkg.com/ansi-regex/-/ansi-regex-2.1.1.tgz#c3b33ab5ee360d86e0e628f0468ae7ef27d654df"
  integrity sha1-w7M6te42DYbg5ijwRorn7yfWVN8=

ansi-styles@^2.2.1:
  version "2.2.1"
  resolved "https://registry.yarnpkg.com/ansi-styles/-/ansi-styles-2.2.1.tgz#b432dd3358b634cf75e1e4664368240533c1ddbe"
  integrity sha1-tDLdM1i2NM914eRmQ2gkBTPB3b4=

ansi-styles@^3.2.1:
  version "3.2.1"
  resolved "https://registry.yarnpkg.com/ansi-styles/-/ansi-styles-3.2.1.tgz#41fbb20243e50b12be0f04b8dedbf07520ce841d"
  integrity sha512-VT0ZI6kZRdTh8YyJw3SMbYm/u+NqfsAxEpWO0Pf9sq8/e94WxxOpPKx9FR1FlyCtOVDNOQ+8ntlqFxiRc+r5qA==
  dependencies:
    color-convert "^1.9.0"

ansi-styles@~1.0.0:
  version "1.0.0"
  resolved "https://registry.yarnpkg.com/ansi-styles/-/ansi-styles-1.0.0.tgz#cb102df1c56f5123eab8b67cd7b98027a0279178"
  integrity sha1-yxAt8cVvUSPquLZ817mAJ6AnkXg=

argparse@^1.0.7:
  version "1.0.10"
  resolved "https://registry.yarnpkg.com/argparse/-/argparse-1.0.10.tgz#bcd6791ea5ae09725e17e5ad988134cd40b3d911"
  integrity sha512-o5Roy6tNG4SL/FOkCAN6RzjiakZS25RLYFrcMttJqbdd8BWrnA+fGz57iN5Pb06pvBGvl5gQ0B48dJlslXvoTg==
  dependencies:
    sprintf-js "~1.0.2"

babel-code-frame@^6.22.0:
  version "6.26.0"
  resolved "https://registry.yarnpkg.com/babel-code-frame/-/babel-code-frame-6.26.0.tgz#63fd43f7dc1e3bb7ce35947db8fe369a3f58c74b"
  integrity sha1-Y/1D99weO7fONZR9uP42mj9Yx0s=
  dependencies:
    chalk "^1.1.3"
    esutils "^2.0.2"
    js-tokens "^3.0.2"

balanced-match@^1.0.0:
  version "1.0.0"
  resolved "https://registry.yarnpkg.com/balanced-match/-/balanced-match-1.0.0.tgz#89b4d199ab2bee49de164ea02b89ce462d71b767"
  integrity sha1-ibTRmasr7kneFk6gK4nORi1xt2c=

brace-expansion@^1.1.7:
  version "1.1.11"
  resolved "https://registry.yarnpkg.com/brace-expansion/-/brace-expansion-1.1.11.tgz#3c7fcbf529d87226f3d2f52b966ff5271eb441dd"
  integrity sha512-iCuPHDFgrHX7H2vEI/5xpz07zSHB00TpugqhmYtVmMO6518mCuRMoOYFldEBl0g187ufozdaHgWKcYFb61qGiA==
  dependencies:
    balanced-match "^1.0.0"
    concat-map "0.0.1"

buffer-from@^1.0.0:
  version "1.1.1"
  resolved "https://registry.yarnpkg.com/buffer-from/-/buffer-from-1.1.1.tgz#32713bc028f75c02fdb710d7c7bcec1f2c6070ef"
  integrity sha512-MQcXEUbCKtEo7bhqEs6560Hyd4XaovZlO/k9V3hjVUF/zwW7KBVdSK4gIt/bzwS9MbR5qob+F5jusZsb0YQK2A==

builtin-modules@^1.1.1:
  version "1.1.1"
  resolved "https://registry.yarnpkg.com/builtin-modules/-/builtin-modules-1.1.1.tgz#270f076c5a72c02f5b65a47df94c5fe3a278892f"
  integrity sha1-Jw8HbFpywC9bZaR9+Uxf46J4iS8=

chalk@^1.1.3:
  version "1.1.3"
  resolved "https://registry.yarnpkg.com/chalk/-/chalk-1.1.3.tgz#a8115c55e4a702fe4d150abd3872822a7e09fc98"
  integrity sha1-qBFcVeSnAv5NFQq9OHKCKn4J/Jg=
  dependencies:
    ansi-styles "^2.2.1"
    escape-string-regexp "^1.0.2"
    has-ansi "^2.0.0"
    strip-ansi "^3.0.0"
    supports-color "^2.0.0"

chalk@^2.3.0:
  version "2.4.1"
  resolved "https://registry.yarnpkg.com/chalk/-/chalk-2.4.1.tgz#18c49ab16a037b6eb0152cc83e3471338215b66e"
  integrity sha512-ObN6h1v2fTJSmUXoS3nMQ92LbDK9be4TV+6G+omQlGJFdcUX5heKi1LZ1YnRMIgwTLEj3E24bT6tYni50rlCfQ==
  dependencies:
    ansi-styles "^3.2.1"
    escape-string-regexp "^1.0.5"
    supports-color "^5.3.0"

chalk@~0.4.0:
  version "0.4.0"
  resolved "https://registry.yarnpkg.com/chalk/-/chalk-0.4.0.tgz#5199a3ddcd0c1efe23bc08c1b027b06176e0c64f"
  integrity sha1-UZmj3c0MHv4jvAjBsCewYXbgxk8=
  dependencies:
    ansi-styles "~1.0.0"
    has-color "~0.1.0"
    strip-ansi "~0.1.0"

code-point-at@^1.0.0:
  version "1.1.0"
  resolved "https://registry.yarnpkg.com/code-point-at/-/code-point-at-1.1.0.tgz#0d070b4d043a5bea33a2f1a40e2edb3d9a4ccf77"
  integrity sha1-DQcLTQQ6W+ozovGkDi7bPZpMz3c=

color-convert@^1.9.0:
  version "1.9.3"
  resolved "https://registry.yarnpkg.com/color-convert/-/color-convert-1.9.3.tgz#bb71850690e1f136567de629d2d5471deda4c1e8"
  integrity sha512-QfAUtd+vFdAtFQcC8CCyYt1fYWxSqAiK2cSD6zDB8N3cpsEBAvRxp9zOGg6G/SHHJYAT88/az/IuDGALsNVbGg==
  dependencies:
    color-name "1.1.3"

color-name@1.1.3:
  version "1.1.3"
  resolved "https://registry.yarnpkg.com/color-name/-/color-name-1.1.3.tgz#a7d0558bd89c42f795dd42328f740831ca53bc25"
  integrity sha1-p9BVi9icQveV3UIyj3QIMcpTvCU=

commander@^2.12.1:
  version "2.19.0"
  resolved "https://registry.yarnpkg.com/commander/-/commander-2.19.0.tgz#f6198aa84e5b83c46054b94ddedbfed5ee9ff12a"
  integrity sha512-6tvAOO+D6OENvRAh524Dh9jcfKTYDQAqvqezbCW82xj5X0pSrcpxtvRKHLG0yBY6SD7PSDrJaj+0AiOcKVd1Xg==

concat-map@0.0.1:
  version "0.0.1"
  resolved "https://registry.yarnpkg.com/concat-map/-/concat-map-0.0.1.tgz#d8a96bd77fd68df7793a73036a3ba0d5405d477b"
  integrity sha1-2Klr13/Wjfd5OnMDajug1UBdR3s=

concat-stream@^1.6.1, concat-stream@~1.6.0:
  version "1.6.2"
  resolved "https://registry.yarnpkg.com/concat-stream/-/concat-stream-1.6.2.tgz#904bdf194cd3122fc675c77fc4ac3d4ff0fd1a34"
  integrity sha512-27HBghJxjiZtIk3Ycvn/4kbJk/1uZuJFfuPEns6LaEvpvG1f0hTea8lilrouyo9mVc2GWdcEZ8OLoGmSADlrCw==
  dependencies:
    buffer-from "^1.0.0"
    inherits "^2.0.3"
    readable-stream "^2.2.2"
    typedarray "^0.0.6"

core-util-is@~1.0.0:
  version "1.0.2"
  resolved "https://registry.yarnpkg.com/core-util-is/-/core-util-is-1.0.2.tgz#b5fd54220aa2bc5ab57aab7140c940754503c1a7"
  integrity sha1-tf1UIgqivFq1eqtxQMlAdUUDwac=

csstype@^2.2.0:
  version "2.5.8"
  resolved "https://registry.yarnpkg.com/csstype/-/csstype-2.5.8.tgz#4ce5aa16ea0d562ef9105fa3ae2676f199586a35"
  integrity sha512-r4DbsyNJ7slwBSKoGesxDubRWJ71ghG8W2+1HcsDlAo12KGca9dDLv0u98tfdFw7ldBdoA7XmCnI6Q8LpAJXaQ==

deep-equal@1.0.1:
  version "1.0.1"
  resolved "https://registry.yarnpkg.com/deep-equal/-/deep-equal-1.0.1.tgz#f5d260292b660e084eff4cdbc9f08ad3247448b5"
  integrity sha1-9dJgKStmDghO/0zbyfCK0yR0SLU=

diff@^3.2.0:
  version "3.5.0"
  resolved "https://registry.yarnpkg.com/diff/-/diff-3.5.0.tgz#800c0dd1e0a8bfbc95835c202ad220fe317e5a12"
  integrity sha512-A46qtFgd+g7pDZinpnwiRJtxbC1hpgf0uzP3iG89scHk0AUC7A1TGxf5OiiOUv/JMZR8GOt8hL900hV0bOy5xA==

doctrine@0.7.2, doctrine@^0.7.2:
  version "0.7.2"
  resolved "https://registry.yarnpkg.com/doctrine/-/doctrine-0.7.2.tgz#7cb860359ba3be90e040b26b729ce4bfa654c523"
  integrity sha1-fLhgNZujvpDgQLJrcpzkv6ZUxSM=
  dependencies:
    esutils "^1.1.6"
    isarray "0.0.1"

escape-string-regexp@^1.0.2, escape-string-regexp@^1.0.5:
  version "1.0.5"
  resolved "https://registry.yarnpkg.com/escape-string-regexp/-/escape-string-regexp-1.0.5.tgz#1b61c0562190a8dff6ae3bb2cf0200ca130b86d4"
  integrity sha1-G2HAViGQqN/2rjuyzwIAyhMLhtQ=

esprima@^4.0.0:
  version "4.0.1"
  resolved "https://registry.yarnpkg.com/esprima/-/esprima-4.0.1.tgz#13b04cdb3e6c5d19df91ab6987a8695619b0aa71"
  integrity sha512-eGuFFw7Upda+g4p+QHvnW0RyTX/SVeJBDM/gCtMARO0cLuT2HcEKnTPvhjV6aGeqrCB/sbNop0Kszm0jsaWU4A==

esutils@^1.1.6:
  version "1.1.6"
  resolved "https://registry.yarnpkg.com/esutils/-/esutils-1.1.6.tgz#c01ccaa9ae4b897c6d0c3e210ae52f3c7a844375"
  integrity sha1-wBzKqa5LiXxtDD4hCuUvPHqEQ3U=

esutils@^2.0.2:
  version "2.0.2"
  resolved "https://registry.yarnpkg.com/esutils/-/esutils-2.0.2.tgz#0abf4f1caa5bcb1f7a9d8acc6dea4faaa04bac9b"
  integrity sha1-Cr9PHKpbyx96nYrMbepPqqBLrJs=

fs.realpath@^1.0.0:
  version "1.0.0"
  resolved "https://registry.yarnpkg.com/fs.realpath/-/fs.realpath-1.0.0.tgz#1504ad2523158caa40db4a2787cb01411994ea4f"
  integrity sha1-FQStJSMVjKpA20onh8sBQRmU6k8=

geojson-flatten@~0.2.1:
  version "0.2.2"
  resolved "https://registry.yarnpkg.com/geojson-flatten/-/geojson-flatten-0.2.2.tgz#cfee829475c8cf38b77b42b3a45cd29b2eab8603"
  integrity sha512-P9lzhr2NTsEjcVRmTBf/taXXSEw8Vwp6ITtY8oS54cvGuq1z0/d1BILv3E6IPRv83+XLLXGprOTvXxEq1yxJ/w==
  dependencies:
    concat-stream "~1.6.0"
    minimist "1.2.0"

glob@^7.0.5, glob@^7.1.1:
  version "7.1.3"
  resolved "https://registry.yarnpkg.com/glob/-/glob-7.1.3.tgz#3960832d3f1574108342dafd3a67b332c0969df1"
  integrity sha512-vcfuiIxogLV4DlGBHIUOwI0IbrJ8HWPc4MU7HzviGeNho/UJDfi6B5p3sHeWIQ0KGIU0Jpxi5ZHxemQfLkkAwQ==
  dependencies:
    fs.realpath "^1.0.0"
    inflight "^1.0.4"
    inherits "2"
    minimatch "^3.0.4"
    once "^1.3.0"
    path-is-absolute "^1.0.0"

has-ansi@^2.0.0:
  version "2.0.0"
  resolved "https://registry.yarnpkg.com/has-ansi/-/has-ansi-2.0.0.tgz#34f5049ce1ecdf2b0649af3ef24e45ed35416d91"
  integrity sha1-NPUEnOHs3ysGSa8+8k5F7TVBbZE=
  dependencies:
    ansi-regex "^2.0.0"

has-color@~0.1.0:
  version "0.1.7"
  resolved "https://registry.yarnpkg.com/has-color/-/has-color-0.1.7.tgz#67144a5260c34fc3cca677d041daf52fe7b78b2f"
  integrity sha1-ZxRKUmDDT8PMpnfQQdr1L+e3iy8=

has-flag@^2.0.0:
  version "2.0.0"
  resolved "https://registry.yarnpkg.com/has-flag/-/has-flag-2.0.0.tgz#e8207af1cc7b30d446cc70b734b5e8be18f88d51"
  integrity sha1-6CB68cx7MNRGzHC3NLXovhj4jVE=

has-flag@^3.0.0:
  version "3.0.0"
  resolved "https://registry.yarnpkg.com/has-flag/-/has-flag-3.0.0.tgz#b5d454dc2199ae225699f3467e5a07f3b955bafd"
  integrity sha1-tdRU3CGZriJWmfNGfloH87lVuv0=

hat@0.0.3:
  version "0.0.3"
  resolved "https://registry.yarnpkg.com/hat/-/hat-0.0.3.tgz#bb014a9e64b3788aed8005917413d4ff3d502d8a"
  integrity sha1-uwFKnmSzeIrtgAWRdBPU/z1QLYo=

inflight@^1.0.4:
  version "1.0.6"
  resolved "https://registry.yarnpkg.com/inflight/-/inflight-1.0.6.tgz#49bd6331d7d02d0c09bc910a1075ba8165b56df9"
  integrity sha1-Sb1jMdfQLQwJvJEKEHW6gWW1bfk=
  dependencies:
    once "^1.3.0"
    wrappy "1"

inherits@2, inherits@^2.0.3, inherits@~2.0.3:
  version "2.0.3"
  resolved "https://registry.yarnpkg.com/inherits/-/inherits-2.0.3.tgz#633c2c83e3da42a502f52466022480f4208261de"
  integrity sha1-Yzwsg+PaQqUC9SRmAiSA9CCCYd4=

is-buffer@^1.1.4:
  version "1.1.6"
  resolved "https://registry.yarnpkg.com/is-buffer/-/is-buffer-1.1.6.tgz#efaa2ea9daa0d7ab2ea13a97b2b8ad51fefbe8be"
  integrity sha512-NcdALwpXkTm5Zvvbk7owOUSvVvBKDgKP5/ewfXEznmQFfs4ZRmanOeKBTjRVjka3QFoN6XJ+9F3USqfHqTaU5w==

is-fullwidth-code-point@^1.0.0:
  version "1.0.0"
  resolved "https://registry.yarnpkg.com/is-fullwidth-code-point/-/is-fullwidth-code-point-1.0.0.tgz#ef9e31386f031a7f0d643af82fde50c457ef00cb"
  integrity sha1-754xOG8DGn8NZDr4L95QxFfvAMs=
  dependencies:
    number-is-nan "^1.0.0"

isarray@0.0.1:
  version "0.0.1"
  resolved "https://registry.yarnpkg.com/isarray/-/isarray-0.0.1.tgz#8a18acfca9a8f4177e09abfc6038939b05d1eedf"
  integrity sha1-ihis/Kmo9Bd+Cav8YDiTmwXR7t8=

isarray@~1.0.0:
  version "1.0.0"
  resolved "https://registry.yarnpkg.com/isarray/-/isarray-1.0.0.tgz#bb935d48582cba168c06834957a54a3e07124f11"
  integrity sha1-u5NdSFgsuhaMBoNJV6VKPgcSTxE=

"js-tokens@^3.0.0 || ^4.0.0":
  version "4.0.0"
  resolved "https://registry.yarnpkg.com/js-tokens/-/js-tokens-4.0.0.tgz#19203fb59991df98e3a287050d4647cdeaf32499"
  integrity sha512-RdJUflcE3cUzKiMqQgsCu06FPu9UdIJO0beYbPhHN4k6apgJtifcoCtT9bcxOpYBtpD2kCM6Sbzg4CausW/PKQ==

js-tokens@^3.0.2:
  version "3.0.2"
  resolved "https://registry.yarnpkg.com/js-tokens/-/js-tokens-3.0.2.tgz#9866df395102130e38f7f996bceb65443209c25b"
  integrity sha1-mGbfOVECEw449/mWvOtlRDIJwls=

js-yaml@^3.7.0:
  version "3.12.0"
  resolved "https://registry.yarnpkg.com/js-yaml/-/js-yaml-3.12.0.tgz#eaed656ec8344f10f527c6bfa1b6e2244de167d1"
  integrity sha512-PIt2cnwmPfL4hKNwqeiuz4bKfnzHTBv6HyVgjahA6mPLwPDzjDWrplJBMjHUFxku/N3FlmrbyPclad+I+4mJ3A==
  dependencies:
    argparse "^1.0.7"
    esprima "^4.0.0"

jsonlint-lines@1.7.1:
  version "1.7.1"
  resolved "https://registry.yarnpkg.com/jsonlint-lines/-/jsonlint-lines-1.7.1.tgz#507de680d3fb8c4be1641cc57d6f679f29f178ff"
  integrity sha1-UH3mgNP7jEvhZBzFfW9nnynxeP8=
  dependencies:
    JSV ">= 4.0.x"
    nomnom ">= 1.5.x"

kdbush@^1.0.1:
  version "1.0.1"
  resolved "https://registry.yarnpkg.com/kdbush/-/kdbush-1.0.1.tgz#3cbd03e9dead9c0f6f66ccdb96450e5cecc640e0"
  integrity sha1-PL0D6d6tnA9vZszblkUOXOzGQOA=

lodash.isequal@^4.2.0:
  version "4.5.0"
  resolved "https://registry.yarnpkg.com/lodash.isequal/-/lodash.isequal-4.5.0.tgz#415c4478f2bcc30120c22ce10ed3226f7d3e18e0"
  integrity sha1-QVxEePK8wwEgwizhDtMib30+GOA=

loose-envify@^1.3.1:
  version "1.4.0"
  resolved "https://registry.yarnpkg.com/loose-envify/-/loose-envify-1.4.0.tgz#71ee51fa7be4caec1a63839f7e682d8132d30caf"
  integrity sha512-lyuxPGr/Wfhrlem2CL/UcnUc1zcqKAImBDzukY7Y5F/yQiNdko6+fRLevlw1HgMySw7f611UIY408EtxRSoK3Q==
  dependencies:
    js-tokens "^3.0.0 || ^4.0.0"

minimatch@^3.0.4:
  version "3.0.4"
  resolved "https://registry.yarnpkg.com/minimatch/-/minimatch-3.0.4.tgz#5166e286457f03306064be5497e8dbb0c3d32083"
  integrity sha512-yJHVQEhyqPLUTgt9B83PXu6W3rx4MvvHvSUvToogpwoGDOUQ+yDrR0HRot+yOCdCO7u4hX3pWft6kWBBcqh0UA==
  dependencies:
    brace-expansion "^1.1.7"

minimist@1.2.0:
  version "1.2.0"
  resolved "https://registry.yarnpkg.com/minimist/-/minimist-1.2.0.tgz#a35008b20f41383eec1fb914f4cd5df79a264284"
  integrity sha1-o1AIsg9BOD7sH7kU9M1d95omQoQ=

"nomnom@>= 1.5.x":
  version "1.8.1"
  resolved "https://registry.yarnpkg.com/nomnom/-/nomnom-1.8.1.tgz#2151f722472ba79e50a76fc125bb8c8f2e4dc2a7"
  integrity sha1-IVH3Ikcrp55Qp2/BJbuMjy5Nwqc=
  dependencies:
    chalk "~0.4.0"
    underscore "~1.6.0"

number-is-nan@^1.0.0:
  version "1.0.1"
  resolved "https://registry.yarnpkg.com/number-is-nan/-/number-is-nan-1.0.1.tgz#097b602b53422a522c1afb8790318336941a011d"
  integrity sha1-CXtgK1NCKlIsGvuHkDGDNpQaAR0=

object-assign@^4.1.1:
  version "4.1.1"
  resolved "https://registry.yarnpkg.com/object-assign/-/object-assign-4.1.1.tgz#2109adc7965887cfc05cbbd442cac8bfbb360863"
  integrity sha1-IQmtx5ZYh8/AXLvUQsrIv7s2CGM=

once@^1.3.0:
  version "1.4.0"
  resolved "https://registry.yarnpkg.com/once/-/once-1.4.0.tgz#583b1aa775961d4b113ac17d9c50baef9dd76bd1"
  integrity sha1-WDsap3WWHUsROsF9nFC6753Xa9E=
  dependencies:
    wrappy "1"

path-is-absolute@^1.0.0:
  version "1.0.1"
  resolved "https://registry.yarnpkg.com/path-is-absolute/-/path-is-absolute-1.0.1.tgz#174b9268735534ffbc7ace6bf53a5a9e1b5c5f5f"
  integrity sha1-F0uSaHNVNP+8es5r9TpanhtcX18=

path-parse@^1.0.5:
  version "1.0.6"
  resolved "https://registry.yarnpkg.com/path-parse/-/path-parse-1.0.6.tgz#d62dbb5679405d72c4737ec58600e9ddcf06d24c"
  integrity sha512-GSmOT2EbHrINBf9SR7CDELwlJ8AENk3Qn7OikK4nFYAu3Ote2+JYNVvkpAEQm3/TLNEJFD/xZJjzyxg3KBWOzw==

process-nextick-args@~2.0.0:
  version "2.0.0"
  resolved "https://registry.yarnpkg.com/process-nextick-args/-/process-nextick-args-2.0.0.tgz#a37d732f4271b4ab1ad070d35508e8290788ffaa"
  integrity sha512-MtEC1TqN0EU5nephaJ4rAtThHtC86dNN9qCuEhtshvpVBkAW5ZO7BASN9REnF9eoXGcRub+pFuKEpOHE+HbEMw==

prop-types@^15.6.2:
  version "15.6.2"
  resolved "https://registry.yarnpkg.com/prop-types/-/prop-types-15.6.2.tgz#05d5ca77b4453e985d60fc7ff8c859094a497102"
  integrity sha512-3pboPvLiWD7dkI3qf3KbUe6hKFKa52w+AE0VCqECtf+QHAKgOL37tTaNCnuX1nAAQ4ZhyP+kYVKf8rLmJ/feDQ==
  dependencies:
    loose-envify "^1.3.1"
    object-assign "^4.1.1"

"react-mapbox-gl@^2.5.0 || ^3.9.2":
  version "3.9.2"
  resolved "https://registry.yarnpkg.com/react-mapbox-gl/-/react-mapbox-gl-3.9.2.tgz#3e88a77385e9d6bc2397d64204ae291c68e864ae"
  integrity sha512-4XJKHJK1D+M/NeBAn7ZFMap2IB1RYypHYSSMa1WyPpk5s+248iZq3pK53xaWe549ZUUywmY1lacUGrMTMqkArA==
  dependencies:
    "@turf/bbox" "4.7.3"
    "@turf/helpers" "4.7.3"
    deep-equal "1.0.1"
    supercluster "3.0.2"

readable-stream@^2.2.2:
  version "2.3.6"
  resolved "https://registry.yarnpkg.com/readable-stream/-/readable-stream-2.3.6.tgz#b11c27d88b8ff1fbe070643cf94b0c79ae1b0aaf"
  integrity sha512-tQtKA9WIAhBF3+VLAseyMqZeBjW0AHJoxOtYqSUZNJxauErmLbVm2FW1y+J/YA9dUrAC39ITejlZWhVIwawkKw==
  dependencies:
    core-util-is "~1.0.0"
    inherits "~2.0.3"
    isarray "~1.0.0"
    process-nextick-args "~2.0.0"
    safe-buffer "~5.1.1"
    string_decoder "~1.1.1"
    util-deprecate "~1.0.1"

repeat-string@^1.5.0:
  version "1.6.1"
  resolved "https://registry.yarnpkg.com/repeat-string/-/repeat-string-1.6.1.tgz#8dcae470e1c88abc2d600fff4a776286da75e637"
  integrity sha1-jcrkcOHIirwtYA//Sndihtp15jc=

replace-ext@1.0.0:
  version "1.0.0"
  resolved "https://registry.yarnpkg.com/replace-ext/-/replace-ext-1.0.0.tgz#de63128373fcbf7c3ccfa4de5a480c45a67958eb"
  integrity sha1-3mMSg3P8v3w8z6TeWkgMRaZ5WOs=

resolve@^1.3.2:
  version "1.8.1"
  resolved "https://registry.yarnpkg.com/resolve/-/resolve-1.8.1.tgz#82f1ec19a423ac1fbd080b0bab06ba36e84a7a26"
  integrity sha512-AicPrAC7Qu1JxPCZ9ZgCZlY35QgFnNqc+0LtbRNxnVw4TXvjQ72wnuL9JQcEBgXkI9JM8MsT9kaQoHcpCRJOYA==
  dependencies:
    path-parse "^1.0.5"

rimraf@^2.6.2:
  version "2.6.2"
  resolved "https://registry.yarnpkg.com/rimraf/-/rimraf-2.6.2.tgz#2ed8150d24a16ea8651e6d6ef0f47c4158ce7a36"
  integrity sha512-lreewLK/BlghmxtfH36YYVg1i8IAce4TI7oao75I1g245+6BctqTVQiBP3YUJ9C6DQOXJmkYR9X9fCLtCOJc5w==
  dependencies:
    glob "^7.0.5"

rw@~0.1.4:
  version "0.1.4"
  resolved "https://registry.yarnpkg.com/rw/-/rw-0.1.4.tgz#4903cbd80248ae0ede685bf58fd236a7a9b29a3e"
  integrity sha1-SQPL2AJIrg7eaFv1j9I2p6mymj4=

safe-buffer@~5.1.0, safe-buffer@~5.1.1:
  version "5.1.2"
  resolved "https://registry.yarnpkg.com/safe-buffer/-/safe-buffer-5.1.2.tgz#991ec69d296e0313747d59bdfd2b745c35f8828d"
  integrity sha512-Gd2UZBJDkXlY7GbJxfsE8/nvKkUEU1G38c1siN6QP6a9PT9MmHB8GnpscSmMJSoF8LOIrt8ud/wPtojys4G6+g==

semver@^5.3.0:
  version "5.6.0"
  resolved "https://registry.yarnpkg.com/semver/-/semver-5.6.0.tgz#7e74256fbaa49c75aa7c7a205cc22799cac80004"
  integrity sha512-RS9R6R35NYgQn++fkDWaOmqGoj4Ek9gGs+DPxNUZKuwE183xjJroKvyo1IzVFeXvUrvmALy6FWD5xrdJT25gMg==

sprintf-js@~1.0.2:
  version "1.0.3"
  resolved "https://registry.yarnpkg.com/sprintf-js/-/sprintf-js-1.0.3.tgz#04e6926f662895354f3dd015203633b857297e2c"
  integrity sha1-BOaSb2YolTVPPdAVIDYzuFcpfiw=

string-width@^1.0.0:
  version "1.0.2"
  resolved "https://registry.yarnpkg.com/string-width/-/string-width-1.0.2.tgz#118bdf5b8cdc51a2a7e70d211e07e2b0b9b107d3"
  integrity sha1-EYvfW4zcUaKn5w0hHgfisLmxB9M=
  dependencies:
    code-point-at "^1.0.0"
    is-fullwidth-code-point "^1.0.0"
    strip-ansi "^3.0.0"

string_decoder@~1.1.1:
  version "1.1.1"
  resolved "https://registry.yarnpkg.com/string_decoder/-/string_decoder-1.1.1.tgz#9cf1611ba62685d7030ae9e4ba34149c3af03fc8"
  integrity sha512-n/ShnvDi6FHbbVfviro+WojiFzv+s8MPMHBczVePfUpDJLwoLT0ht1l4YwBCbi8pJAveEEdnkHyPyTP/mzRfwg==
  dependencies:
    safe-buffer "~5.1.0"

strip-ansi@^3.0.0:
  version "3.0.1"
  resolved "https://registry.yarnpkg.com/strip-ansi/-/strip-ansi-3.0.1.tgz#6a385fb8853d952d5ff05d0e8aaf94278dc63dcf"
  integrity sha1-ajhfuIU9lS1f8F0Oiq+UJ43GPc8=
  dependencies:
    ansi-regex "^2.0.0"

strip-ansi@~0.1.0:
  version "0.1.1"
  resolved "https://registry.yarnpkg.com/strip-ansi/-/strip-ansi-0.1.1.tgz#39e8a98d044d150660abe4a6808acf70bb7bc991"
  integrity sha1-OeipjQRNFQZgq+SmgIrPcLt7yZE=

supercluster@3.0.2:
  version "3.0.2"
  resolved "https://registry.yarnpkg.com/supercluster/-/supercluster-3.0.2.tgz#370d6b4fcc9381f034f60f950593d7e4de3235ef"
  integrity sha512-3Fm2/9YcoCE26M4FlSkGU7xYYpDAFWlxaChdx31h0I08ywRhcF2W1NKbsi+APqaxxn8TSXH/HvMhl4nEf+9lJA==
  dependencies:
    kdbush "^1.0.1"

supports-color@^2.0.0:
  version "2.0.0"
  resolved "https://registry.yarnpkg.com/supports-color/-/supports-color-2.0.0.tgz#535d045ce6b6363fa40117084629995e9df324c7"
  integrity sha1-U10EXOa2Nj+kARcIRimZXp3zJMc=

supports-color@^4.1.0:
  version "4.5.0"
  resolved "https://registry.yarnpkg.com/supports-color/-/supports-color-4.5.0.tgz#be7a0de484dec5c5cddf8b3d59125044912f635b"
  integrity sha1-vnoN5ITexcXN34s9WRJQRJEvY1s=
  dependencies:
    has-flag "^2.0.0"

supports-color@^5.3.0:
  version "5.5.0"
  resolved "https://registry.yarnpkg.com/supports-color/-/supports-color-5.5.0.tgz#e2e69a44ac8772f78a1ec0b35b689df6530efc8f"
  integrity sha512-QjVjwdXIt408MIiAqCX4oUKsgU2EqAGzs2Ppkm4aQYbjm+ZEWEcW4SfFNTr4uMNZma0ey4f5lgLrkB0aX0QMow==
  dependencies:
    has-flag "^3.0.0"

traverse@~0.6.6:
  version "0.6.6"
  resolved "https://registry.yarnpkg.com/traverse/-/traverse-0.6.6.tgz#cbdf560fd7b9af632502fed40f918c157ea97137"
  integrity sha1-y99WD9e5r2MlAv7UD5GMFX6pcTc=

tslib@1.9.0:
  version "1.9.0"
  resolved "https://registry.yarnpkg.com/tslib/-/tslib-1.9.0.tgz#e37a86fda8cbbaf23a057f473c9f4dc64e5fc2e8"
  integrity sha512-f/qGG2tUkrISBlQZEjEqoZ3B2+npJjIf04H1wuAv9iA8i04Icp+61KRXxFdha22670NJopsZCIjhC3SnjPRKrQ==

tslib@^1.0.0, tslib@^1.8.0, tslib@^1.8.1:
  version "1.9.3"
  resolved "https://registry.yarnpkg.com/tslib/-/tslib-1.9.3.tgz#d7e4dd79245d85428c4d7e4822a79917954ca286"
  integrity sha512-4krF8scpejhaOgqzBEcGM7yDIEfi0/8+8zDRZhNZZ2kjmHJ4hv3zCbQWxoJGz1iw5U0Jl0nma13xzHXcncMavQ==

tslint-config-semistandard@^7.0.0:
  version "7.0.0"
  resolved "https://registry.yarnpkg.com/tslint-config-semistandard/-/tslint-config-semistandard-7.0.0.tgz#c2d3214b6282a4fed07e875dd9f0691be4e832f1"
  integrity sha512-SMZmVMbHYn6sykthhoNSK39Oxt7b3LdkuXycAxsagp+W7rCBWYowbpwYOJQmeT2a8Vjh6Tz2ifHyraWKB5uArw==
  dependencies:
    tslint-config-standard "^7.0.0"
    tslint-eslint-rules "^4.1.1"

tslint-config-standard@^7.0.0:
  version "7.1.0"
  resolved "https://registry.yarnpkg.com/tslint-config-standard/-/tslint-config-standard-7.1.0.tgz#6bcc435a179478e365f6cc62312a561221985760"
  integrity sha512-cETzxZcEQ1RKjwtEScGryAtqwiRFc55xBxhZP6bePyOfXmo6i1/QKQrTgFKBiM4FjCvcqTjJq20/KGrh+TzTfQ==
  dependencies:
    tslint-eslint-rules "^5.3.1"

tslint-eslint-rules@^4.1.1:
  version "4.1.1"
  resolved "https://registry.yarnpkg.com/tslint-eslint-rules/-/tslint-eslint-rules-4.1.1.tgz#7c30e7882f26bc276bff91d2384975c69daf88ba"
  integrity sha1-fDDniC8mvCdr/5HSOEl1xp2viLo=
  dependencies:
    doctrine "^0.7.2"
    tslib "^1.0.0"
    tsutils "^1.4.0"

tslint-eslint-rules@^5.3.1:
  version "5.4.0"
  resolved "https://registry.yarnpkg.com/tslint-eslint-rules/-/tslint-eslint-rules-5.4.0.tgz#e488cc9181bf193fe5cd7bfca213a7695f1737b5"
  integrity sha512-WlSXE+J2vY/VPgIcqQuijMQiel+UtmXS+4nvK4ZzlDiqBfXse8FAvkNnTcYhnQyOTW5KFM+uRRGXxYhFpuBc6w==
  dependencies:
    doctrine "0.7.2"
    tslib "1.9.0"
    tsutils "^3.0.0"

tslint@^5.11.0:
  version "5.11.0"
  resolved "https://registry.yarnpkg.com/tslint/-/tslint-5.11.0.tgz#98f30c02eae3cde7006201e4c33cb08b48581eed"
  integrity sha1-mPMMAurjzecAYgHkwzywi0hYHu0=
  dependencies:
    babel-code-frame "^6.22.0"
    builtin-modules "^1.1.1"
    chalk "^2.3.0"
    commander "^2.12.1"
    diff "^3.2.0"
    glob "^7.1.1"
    js-yaml "^3.7.0"
    minimatch "^3.0.4"
    resolve "^1.3.2"
    semver "^5.3.0"
    tslib "^1.8.0"
    tsutils "^2.27.2"

tsutils@^1.4.0:
  version "1.9.1"
  resolved "https://registry.yarnpkg.com/tsutils/-/tsutils-1.9.1.tgz#b9f9ab44e55af9681831d5f28d0aeeaf5c750cb0"
  integrity sha1-ufmrROVa+WgYMdXyjQrur1x1DLA=

tsutils@^2.27.2:
  version "2.29.0"
  resolved "https://registry.yarnpkg.com/tsutils/-/tsutils-2.29.0.tgz#32b488501467acbedd4b85498673a0812aca0b99"
  integrity sha512-g5JVHCIJwzfISaXpXE1qvNalca5Jwob6FjI4AoPlqMusJ6ftFE7IkkFoMhVLRgK+4Kx3gkzb8UZK5t5yTTvEmA==
  dependencies:
    tslib "^1.8.1"

tsutils@^3.0.0:
  version "3.5.2"
  resolved "https://registry.yarnpkg.com/tsutils/-/tsutils-3.5.2.tgz#6fd3c2d5a731e83bb21b070a173ec0faf3a8f6d3"
  integrity sha512-qIlklNuI/1Dzfm+G+kJV5gg3gimZIX5haYtIVQe7qGyKd7eu8T1t1DY6pz4Sc2CGXAj9s1izycctm9Zfl9sRuQ==
  dependencies:
    tslib "^1.8.1"

typedarray@^0.0.6:
  version "0.0.6"
  resolved "https://registry.yarnpkg.com/typedarray/-/typedarray-0.0.6.tgz#867ac74e3864187b1d3d47d996a78ec5c8830777"
  integrity sha1-hnrHTjhkGHsdPUfZlqeOxciDB3c=

typescript@^3.2.1:
  version "3.2.1"
  resolved "https://registry.yarnpkg.com/typescript/-/typescript-3.2.1.tgz#0b7a04b8cf3868188de914d9568bd030f0c56192"
  integrity sha512-jw7P2z/h6aPT4AENXDGjcfHTu5CSqzsbZc6YlUIebTyBAq8XaKp78x7VcSh30xwSCcsu5irZkYZUSFP1MrAMbg==

underscore@~1.6.0:
  version "1.6.0"
  resolved "https://registry.yarnpkg.com/underscore/-/underscore-1.6.0.tgz#8b38b10cacdef63337b8b24e4ff86d45aea529a8"
  integrity sha1-izixDKze9jM3uLJOT/htRa6lKag=

unist-util-stringify-position@^1.0.0, unist-util-stringify-position@^1.1.1:
  version "1.1.2"
  resolved "https://registry.yarnpkg.com/unist-util-stringify-position/-/unist-util-stringify-position-1.1.2.tgz#3f37fcf351279dcbca7480ab5889bb8a832ee1c6"
  integrity sha512-pNCVrk64LZv1kElr0N1wPiHEUoXNVFERp+mlTg/s9R5Lwg87f9bM/3sQB99w+N9D/qnM9ar3+AKDBwo/gm/iQQ==

util-deprecate@~1.0.1:
  version "1.0.2"
  resolved "https://registry.yarnpkg.com/util-deprecate/-/util-deprecate-1.0.2.tgz#450d4dc9fa70de732762fbd2d4a28981419a0ccf"
  integrity sha1-RQ1Nyfpw3nMnYvvS1KKJgUGaDM8=

vfile-message@^1.0.0:
  version "1.0.2"
  resolved "https://registry.yarnpkg.com/vfile-message/-/vfile-message-1.0.2.tgz#0f8a62584c5dff0f81760531b8e34f3cea554ebc"
  integrity sha512-dNdEXHfPCvzyOlEaaQ+DcXpcxEz+pFvdrebKLiAMjobjaBC2bMeWoHOKPwJ+I8A4jQOEUDH7uoVcLWDLF1qhVQ==
  dependencies:
    unist-util-stringify-position "^1.1.1"

vfile-reporter@^4.0.0:
  version "4.0.0"
  resolved "https://registry.yarnpkg.com/vfile-reporter/-/vfile-reporter-4.0.0.tgz#ea6f0ae1342f4841573985e05f941736f27de9da"
  integrity sha1-6m8K4TQvSEFXOYXgX5QXNvJ96do=
  dependencies:
    repeat-string "^1.5.0"
    string-width "^1.0.0"
    supports-color "^4.1.0"
    unist-util-stringify-position "^1.0.0"
    vfile-statistics "^1.1.0"

vfile-statistics@^1.1.0:
  version "1.1.2"
  resolved "https://registry.yarnpkg.com/vfile-statistics/-/vfile-statistics-1.1.2.tgz#c50132627e4669a3afa07c64ff1e7aa7695e8151"
  integrity sha512-16wAC9eEGXdsD35LX9m/iXCRIZyX5LIrDgDtAF92rbATSqsBRbC4n05e0Rj5vt3XRpcKu0UJeWnTxWsSyvNZ+w==

vfile@^2.3.0:
  version "2.3.0"
  resolved "https://registry.yarnpkg.com/vfile/-/vfile-2.3.0.tgz#e62d8e72b20e83c324bc6c67278ee272488bf84a"
  integrity sha512-ASt4mBUHcTpMKD/l5Q+WJXNtshlWxOogYyGYYrg4lt/vuRjC1EFQtlAofL5VmtVNIZJzWYFJjzGWZ0Gw8pzW1w==
  dependencies:
    is-buffer "^1.1.4"
    replace-ext "1.0.0"
    unist-util-stringify-position "^1.0.0"
    vfile-message "^1.0.0"

wgs84@0.0.0:
  version "0.0.0"
  resolved "https://registry.yarnpkg.com/wgs84/-/wgs84-0.0.0.tgz#34fdc555917b6e57cf2a282ed043710c049cdc76"
  integrity sha1-NP3FVZF7blfPKigu0ENxDASc3HY=

wrappy@1:
  version "1.0.2"
  resolved "https://registry.yarnpkg.com/wrappy/-/wrappy-1.0.2.tgz#b5243d8f3ec1aa35f1364605bc0d1036e30ab69f"
  integrity sha1-tSQ9jz7BqjXxNkYFvA0QNuMKtp8=

xtend@^4.0.1:
  version "4.0.1"
  resolved "https://registry.yarnpkg.com/xtend/-/xtend-4.0.1.tgz#a5c6d532be656e23db820efb943a1f04998d63af"
  integrity sha1-pcbVMr5lbiPbgg77lDofBJmNY68=
